
Microsoft Visual Studio Solution File, Format Version 12.00
# Visual Studio Version 17
VisualStudioVersion = 17.1.32421.90
MinimumVisualStudioVersion = 10.0.40219.1
Project("{8BC9CEB8-8B4A-11D0-8D11-00A0C91BC942}") = "ITMO.Cpp.Practice.01_Input_Output_Task.01", "ITMO.Cpp.Practice.01_Input_Output_Task.01\ITMO.Cpp.Practice.01_Input_Output_Task.01.vcxproj", "{60D6DEF7-0075-41BA-8B16-0D9750426361}"
EndProject
Project("{8BC9CEB8-8B4A-11D0-8D11-00A0C91BC942}") = "ITMO.Cpp.Practice.01_Input_Output_Task.02", "ITMO.Cpp.Practice.01_Input_Output_Task.02\ITMO.Cpp.Practice.01_Input_Output_Task.02.vcxproj", "{E5880DE1-963B-4C8F-BE26-1CE176827814}"
EndProject
Project("{8BC9CEB8-8B4A-11D0-8D11-00A0C91BC942}") = "ITMO.Cpp.Practice.01_Input_Output_Test", "ITMO.Cpp.Practice.01_Input_Output_Test\ITMO.Cpp.Practice.01_Input_Output_Test.vcxproj", "{C9338C03-5A6B-4DF9-B2A7-D40D2D518035}"
EndProject
Project("{8BC9CEB8-8B4A-11D0-8D11-00A0C91BC942}") = "ITMO.Cpp.Practice.01_Input_Output_Task.03", "ITMO.Cpp.Practice.01_Input_Output_Task.03\ITMO.Cpp.Practice.01_Input_Output_Task.03.vcxproj", "{1D1F014A-106C-40C4-AE17-74C5E8FEBFCB}"
EndProject
Project("{8BC9CEB8-8B4A-11D0-8D11-00A0C91BC942}") = "ITMO.Cpp.Practice.02_Control_Operators_Task.01", "ITMO.Cpp.Practice.02_Control_Operators_Task.01\ITMO.Cpp.Practice.02_Control_Operators_Task.01.vcxproj", "{0885A1B5-3915-42F8-8CF0-6447E5A247E6}"
EndProject
Project("{8BC9CEB8-8B4A-11D0-8D11-00A0C91BC942}") = "ITMO.Cpp.Practice.02_Control_Operators_Task.02", "ITMO.Cpp.Practice.02_Control_Operators_Task.02\ITMO.Cpp.Practice.02_Control_Operators_Task.02.vcxproj", "{6CE9E8AF-B1CE-4F3D-9287-EEC5C2CC5F27}"
EndProject
Project("{8BC9CEB8-8B4A-11D0-8D11-00A0C91BC942}") = "ITMO.Cpp.Practice.02_Cicles_Task.01", "ITMO.Cpp.Practice.02_Cicles_Task.01\ITMO.Cpp.Practice.02_Cicles_Task.01.vcxproj", "{92ADFF87-CB9E-4967-BD88-5CC46EEB0AB6}"
EndProject
Project("{8BC9CEB8-8B4A-11D0-8D11-00A0C91BC942}") = "ITMO.Cpp.Practice.02_Cicles_Task.02", "ITMO.Cpp.Practice.02_Cicles_Task.02\ITMO.Cpp.Practice.02_Cicles_Task.02.vcxproj", "{32FD50A9-603C-4853-81D9-693FC7F896A6}"
EndProject
Project("{8BC9CEB8-8B4A-11D0-8D11-00A0C91BC942}") = "ITMO.Cpp.Practice.02_Cicle_For_Task.01", "ITMO.Cpp.Practice.02_Cicle_For_Task.01\ITMO.Cpp.Practice.02_Cicle_For_Task.01.vcxproj", "{88929140-B36F-4EFC-B482-162C6E34C933}"
EndProject
Project("{8BC9CEB8-8B4A-11D0-8D11-00A0C91BC942}") = "ITMO.Cpp.Practice.02_Calculation_In_Interval_Task.01", "ITMO.Cpp.Practice.02_Calculation_In_Interval_Task.01\ITMO.Cpp.Practice.02_Calculation_In_Interval_Task.01.vcxproj", "{C7E50CD2-25AD-4BBE-8736-9A394D81A0A6}"
EndProject
Project("{8BC9CEB8-8B4A-11D0-8D11-00A0C91BC942}") = "ITMO.Cpp.Practice.02_Test.01", "ITMO.Cpp.Practice.02_Test.01\ITMO.Cpp.Practice.02_Test.01.vcxproj", "{713B024C-336C-4395-BA5E-6D41C4093632}"
EndProject
Global
	GlobalSection(SolutionConfigurationPlatforms) = preSolution
		Debug|x64 = Debug|x64
		Debug|x86 = Debug|x86
		Release|x64 = Release|x64
		Release|x86 = Release|x86
	EndGlobalSection
	GlobalSection(ProjectConfigurationPlatforms) = postSolution
		{60D6DEF7-0075-41BA-8B16-0D9750426361}.Debug|x64.ActiveCfg = Debug|x64
		{60D6DEF7-0075-41BA-8B16-0D9750426361}.Debug|x64.Build.0 = Debug|x64
		{60D6DEF7-0075-41BA-8B16-0D9750426361}.Debug|x86.ActiveCfg = Debug|Win32
		{60D6DEF7-0075-41BA-8B16-0D9750426361}.Debug|x86.Build.0 = Debug|Win32
		{60D6DEF7-0075-41BA-8B16-0D9750426361}.Release|x64.ActiveCfg = Release|x64
		{60D6DEF7-0075-41BA-8B16-0D9750426361}.Release|x64.Build.0 = Release|x64
		{60D6DEF7-0075-41BA-8B16-0D9750426361}.Release|x86.ActiveCfg = Release|Win32
		{60D6DEF7-0075-41BA-8B16-0D9750426361}.Release|x86.Build.0 = Release|Win32
		{E5880DE1-963B-4C8F-BE26-1CE176827814}.Debug|x64.ActiveCfg = Debug|x64
		{E5880DE1-963B-4C8F-BE26-1CE176827814}.Debug|x64.Build.0 = Debug|x64
		{E5880DE1-963B-4C8F-BE26-1CE176827814}.Debug|x86.ActiveCfg = Debug|Win32
		{E5880DE1-963B-4C8F-BE26-1CE176827814}.Debug|x86.Build.0 = Debug|Win32
		{E5880DE1-963B-4C8F-BE26-1CE176827814}.Release|x64.ActiveCfg = Release|x64
		{E5880DE1-963B-4C8F-BE26-1CE176827814}.Release|x64.Build.0 = Release|x64
		{E5880DE1-963B-4C8F-BE26-1CE176827814}.Release|x86.ActiveCfg = Release|Win32
		{E5880DE1-963B-4C8F-BE26-1CE176827814}.Release|x86.Build.0 = Release|Win32
		{C9338C03-5A6B-4DF9-B2A7-D40D2D518035}.Debug|x64.ActiveCfg = Debug|x64
		{C9338C03-5A6B-4DF9-B2A7-D40D2D518035}.Debug|x64.Build.0 = Debug|x64
		{C9338C03-5A6B-4DF9-B2A7-D40D2D518035}.Debug|x86.ActiveCfg = Debug|Win32
		{C9338C03-5A6B-4DF9-B2A7-D40D2D518035}.Debug|x86.Build.0 = Debug|Win32
		{C9338C03-5A6B-4DF9-B2A7-D40D2D518035}.Release|x64.ActiveCfg = Release|x64
		{C9338C03-5A6B-4DF9-B2A7-D40D2D518035}.Release|x64.Build.0 = Release|x64
		{C9338C03-5A6B-4DF9-B2A7-D40D2D518035}.Release|x86.ActiveCfg = Release|Win32
		{C9338C03-5A6B-4DF9-B2A7-D40D2D518035}.Release|x86.Build.0 = Release|Win32
		{1D1F014A-106C-40C4-AE17-74C5E8FEBFCB}.Debug|x64.ActiveCfg = Debug|x64
		{1D1F014A-106C-40C4-AE17-74C5E8FEBFCB}.Debug|x64.Build.0 = Debug|x64
		{1D1F014A-106C-40C4-AE17-74C5E8FEBFCB}.Debug|x86.ActiveCfg = Debug|Win32
		{1D1F014A-106C-40C4-AE17-74C5E8FEBFCB}.Debug|x86.Build.0 = Debug|Win32
		{1D1F014A-106C-40C4-AE17-74C5E8FEBFCB}.Release|x64.ActiveCfg = Release|x64
		{1D1F014A-106C-40C4-AE17-74C5E8FEBFCB}.Release|x64.Build.0 = Release|x64
		{1D1F014A-106C-40C4-AE17-74C5E8FEBFCB}.Release|x86.ActiveCfg = Release|Win32
		{1D1F014A-106C-40C4-AE17-74C5E8FEBFCB}.Release|x86.Build.0 = Release|Win32
		{0885A1B5-3915-42F8-8CF0-6447E5A247E6}.Debug|x64.ActiveCfg = Debug|x64
		{0885A1B5-3915-42F8-8CF0-6447E5A247E6}.Debug|x64.Build.0 = Debug|x64
		{0885A1B5-3915-42F8-8CF0-6447E5A247E6}.Debug|x86.ActiveCfg = Debug|Win32
		{0885A1B5-3915-42F8-8CF0-6447E5A247E6}.Debug|x86.Build.0 = Debug|Win32
		{0885A1B5-3915-42F8-8CF0-6447E5A247E6}.Release|x64.ActiveCfg = Release|x64
		{0885A1B5-3915-42F8-8CF0-6447E5A247E6}.Release|x64.Build.0 = Release|x64
		{0885A1B5-3915-42F8-8CF0-6447E5A247E6}.Release|x86.ActiveCfg = Release|Win32
		{0885A1B5-3915-42F8-8CF0-6447E5A247E6}.Release|x86.Build.0 = Release|Win32
		{6CE9E8AF-B1CE-4F3D-9287-EEC5C2CC5F27}.Debug|x64.ActiveCfg = Debug|x64
		{6CE9E8AF-B1CE-4F3D-9287-EEC5C2CC5F27}.Debug|x64.Build.0 = Debug|x64
		{6CE9E8AF-B1CE-4F3D-9287-EEC5C2CC5F27}.Debug|x86.ActiveCfg = Debug|Win32
		{6CE9E8AF-B1CE-4F3D-9287-EEC5C2CC5F27}.Debug|x86.Build.0 = Debug|Win32
		{6CE9E8AF-B1CE-4F3D-9287-EEC5C2CC5F27}.Release|x64.ActiveCfg = Release|x64
		{6CE9E8AF-B1CE-4F3D-9287-EEC5C2CC5F27}.Release|x64.Build.0 = Release|x64
		{6CE9E8AF-B1CE-4F3D-9287-EEC5C2CC5F27}.Release|x86.ActiveCfg = Release|Win32
		{6CE9E8AF-B1CE-4F3D-9287-EEC5C2CC5F27}.Release|x86.Build.0 = Release|Win32
		{92ADFF87-CB9E-4967-BD88-5CC46EEB0AB6}.Debug|x64.ActiveCfg = Debug|x64
		{92ADFF87-CB9E-4967-BD88-5CC46EEB0AB6}.Debug|x64.Build.0 = Debug|x64
		{92ADFF87-CB9E-4967-BD88-5CC46EEB0AB6}.Debug|x86.ActiveCfg = Debug|Win32
		{92ADFF87-CB9E-4967-BD88-5CC46EEB0AB6}.Debug|x86.Build.0 = Debug|Win32
		{92ADFF87-CB9E-4967-BD88-5CC46EEB0AB6}.Release|x64.ActiveCfg = Release|x64
		{92ADFF87-CB9E-4967-BD88-5CC46EEB0AB6}.Release|x64.Build.0 = Release|x64
		{92ADFF87-CB9E-4967-BD88-5CC46EEB0AB6}.Release|x86.ActiveCfg = Release|Win32
		{92ADFF87-CB9E-4967-BD88-5CC46EEB0AB6}.Release|x86.Build.0 = Release|Win32
		{32FD50A9-603C-4853-81D9-693FC7F896A6}.Debug|x64.ActiveCfg = Debug|x64
		{32FD50A9-603C-4853-81D9-693FC7F896A6}.Debug|x64.Build.0 = Debug|x64
		{32FD50A9-603C-4853-81D9-693FC7F896A6}.Debug|x86.ActiveCfg = Debug|Win32
		{32FD50A9-603C-4853-81D9-693FC7F896A6}.Debug|x86.Build.0 = Debug|Win32
		{32FD50A9-603C-4853-81D9-693FC7F896A6}.Release|x64.ActiveCfg = Release|x64
		{32FD50A9-603C-4853-81D9-693FC7F896A6}.Release|x64.Build.0 = Release|x64
		{32FD50A9-603C-4853-81D9-693FC7F896A6}.Release|x86.ActiveCfg = Release|Win32
		{32FD50A9-603C-4853-81D9-693FC7F896A6}.Release|x86.Build.0 = Release|Win32
		{88929140-B36F-4EFC-B482-162C6E34C933}.Debug|x64.ActiveCfg = Debug|x64
		{88929140-B36F-4EFC-B482-162C6E34C933}.Debug|x64.Build.0 = Debug|x64
		{88929140-B36F-4EFC-B482-162C6E34C933}.Debug|x86.ActiveCfg = Debug|Win32
		{88929140-B36F-4EFC-B482-162C6E34C933}.Debug|x86.Build.0 = Debug|Win32
		{88929140-B36F-4EFC-B482-162C6E34C933}.Release|x64.ActiveCfg = Release|x64
		{88929140-B36F-4EFC-B482-162C6E34C933}.Release|x64.Build.0 = Release|x64
		{88929140-B36F-4EFC-B482-162C6E34C933}.Release|x86.ActiveCfg = Release|Win32
		{88929140-B36F-4EFC-B482-162C6E34C933}.Release|x86.Build.0 = Release|Win32
		{C7E50CD2-25AD-4BBE-8736-9A394D81A0A6}.Debug|x64.ActiveCfg = Debug|x64
		{C7E50CD2-25AD-4BBE-8736-9A394D81A0A6}.Debug|x64.Build.0 = Debug|x64
		{C7E50CD2-25AD-4BBE-8736-9A394D81A0A6}.Debug|x86.ActiveCfg = Debug|Win32
		{C7E50CD2-25AD-4BBE-8736-9A394D81A0A6}.Debug|x86.Build.0 = Debug|Win32
		{C7E50CD2-25AD-4BBE-8736-9A394D81A0A6}.Release|x64.ActiveCfg = Release|x64
		{C7E50CD2-25AD-4BBE-8736-9A394D81A0A6}.Release|x64.Build.0 = Release|x64
		{C7E50CD2-25AD-4BBE-8736-9A394D81A0A6}.Release|x86.ActiveCfg = Release|Win32
		{C7E50CD2-25AD-4BBE-8736-9A394D81A0A6}.Release|x86.Build.0 = Release|Win32
		{713B024C-336C-4395-BA5E-6D41C4093632}.Debug|x64.ActiveCfg = Debug|x64
		{713B024C-336C-4395-BA5E-6D41C4093632}.Debug|x64.Build.0 = Debug|x64
		{713B024C-336C-4395-BA5E-6D41C4093632}.Debug|x86.ActiveCfg = Debug|Win32
		{713B024C-336C-4395-BA5E-6D41C4093632}.Debug|x86.Build.0 = Debug|Win32
		{713B024C-336C-4395-BA5E-6D41C4093632}.Release|x64.ActiveCfg = Release|x64
		{713B024C-336C-4395-BA5E-6D41C4093632}.Release|x64.Build.0 = Release|x64
		{713B024C-336C-4395-BA5E-6D41C4093632}.Release|x86.ActiveCfg = Release|Win32
		{713B024C-336C-4395-BA5E-6D41C4093632}.Release|x86.Build.0 = Release|Win32
	EndGlobalSection
	GlobalSection(SolutionProperties) = preSolution
		HideSolutionNode = FALSE
	EndGlobalSection
	GlobalSection(ExtensibilityGlobals) = postSolution
		SolutionGuid = {0854C973-0247-482F-A1BD-44B72DB2FF7B}
	EndGlobalSection
EndGlobal
