
Microsoft Visual Studio Solution File, Format Version 12.00
# Visual Studio Version 17
VisualStudioVersion = 17.1.32421.90
MinimumVisualStudioVersion = 10.0.40219.1
Project("{8BC9CEB8-8B4A-11D0-8D11-00A0C91BC942}") = "ITMO.Cpp.Practice.01_Input_Output_Task.01", "ITMO.Cpp.Practice.01_Input_Output_Task.01\ITMO.Cpp.Practice.01_Input_Output_Task.01.vcxproj", "{60D6DEF7-0075-41BA-8B16-0D9750426361}"
EndProject
Project("{8BC9CEB8-8B4A-11D0-8D11-00A0C91BC942}") = "ITMO.Cpp.Practice.01_Input_Output_Task.02", "ITMO.Cpp.Practice.01_Input_Output_Task.02\ITMO.Cpp.Practice.01_Input_Output_Task.02.vcxproj", "{E5880DE1-963B-4C8F-BE26-1CE176827814}"
EndProject
Project("{8BC9CEB8-8B4A-11D0-8D11-00A0C91BC942}") = "ITMO.Cpp.Practice.01_Input_Output_Test", "ITMO.Cpp.Practice.01_Input_Output_Test\ITMO.Cpp.Practice.01_Input_Output_Test.vcxproj", "{C9338C03-5A6B-4DF9-B2A7-D40D2D518035}"
EndProject
Project("{8BC9CEB8-8B4A-11D0-8D11-00A0C91BC942}") = "ITMO.Cpp.Practice.01_Input_Output_Task.03", "ITMO.Cpp.Practice.01_Input_Output_Task.03\ITMO.Cpp.Practice.01_Input_Output_Task.03.vcxproj", "{1D1F014A-106C-40C4-AE17-74C5E8FEBFCB}"
EndProject
Project("{8BC9CEB8-8B4A-11D0-8D11-00A0C91BC942}") = "ITMO.Cpp.Practice.02_Control_Operators_Task.01", "ITMO.Cpp.Practice.02_Control_Operators_Task.01\ITMO.Cpp.Practice.02_Control_Operators_Task.01.vcxproj", "{0885A1B5-3915-42F8-8CF0-6447E5A247E6}"
EndProject
Project("{8BC9CEB8-8B4A-11D0-8D11-00A0C91BC942}") = "ITMO.Cpp.Practice.02_Control_Operators_Task.02", "ITMO.Cpp.Practice.02_Control_Operators_Task.02\ITMO.Cpp.Practice.02_Control_Operators_Task.02.vcxproj", "{6CE9E8AF-B1CE-4F3D-9287-EEC5C2CC5F27}"
EndProject
Project("{8BC9CEB8-8B4A-11D0-8D11-00A0C91BC942}") = "ITMO.Cpp.Practice.02_Cicles_Task.01", "ITMO.Cpp.Practice.02_Cicles_Task.01\ITMO.Cpp.Practice.02_Cicles_Task.01.vcxproj", "{92ADFF87-CB9E-4967-BD88-5CC46EEB0AB6}"
EndProject
Project("{8BC9CEB8-8B4A-11D0-8D11-00A0C91BC942}") = "ITMO.Cpp.Practice.02_Cicles_Task.02", "ITMO.Cpp.Practice.02_Cicles_Task.02\ITMO.Cpp.Practice.02_Cicles_Task.02.vcxproj", "{32FD50A9-603C-4853-81D9-693FC7F896A6}"
EndProject
Project("{8BC9CEB8-8B4A-11D0-8D11-00A0C91BC942}") = "ITMO.Cpp.Practice.02_Cicle_For_Task.01", "ITMO.Cpp.Practice.02_Cicle_For_Task.01\ITMO.Cpp.Practice.02_Cicle_For_Task.01.vcxproj", "{88929140-B36F-4EFC-B482-162C6E34C933}"
EndProject
Project("{8BC9CEB8-8B4A-11D0-8D11-00A0C91BC942}") = "ITMO.Cpp.Practice.02_Calculation_In_Interval_Task.01", "ITMO.Cpp.Practice.02_Calculation_In_Interval_Task.01\ITMO.Cpp.Practice.02_Calculation_In_Interval_Task.01.vcxproj", "{C7E50CD2-25AD-4BBE-8736-9A394D81A0A6}"
EndProject
Project("{8BC9CEB8-8B4A-11D0-8D11-00A0C91BC942}") = "ITMO.Cpp.Practice.02_Test.01", "ITMO.Cpp.Practice.02_Test.01\ITMO.Cpp.Practice.02_Test.01.vcxproj", "{713B024C-336C-4395-BA5E-6D41C4093632}"
EndProject
Project("{8BC9CEB8-8B4A-11D0-8D11-00A0C91BC942}") = "ITMO.Cpp.Practice.02_Test.02", "ITMO.Cpp.Practice.02_Test.02\ITMO.Cpp.Practice.02_Test.02.vcxproj", "{CEDE3304-E15D-4BEC-9EA2-CF2F091D6BB9}"
EndProject
Project("{8BC9CEB8-8B4A-11D0-8D11-00A0C91BC942}") = "ITMO.Cpp.Practice.02_Test.04", "ITMO.Cpp.Practice.02_Test.04\ITMO.Cpp.Practice.02_Test.04.vcxproj", "{45D07AF6-3486-40AF-B0F3-B28D089B469F}"
EndProject
Project("{8BC9CEB8-8B4A-11D0-8D11-00A0C91BC942}") = "ITMO.Cpp.Practice.02_Test.03", "ITMO.Cpp.Practice.02_Test.03\ITMO.Cpp.Practice.02_Test.03.vcxproj", "{A8B85E2D-3DF9-464F-9F1B-A34E0C360745}"
EndProject
Project("{8BC9CEB8-8B4A-11D0-8D11-00A0C91BC942}") = "ITMO.Cpp.Practice.03_Task.01_Ex.01_Func_realise", "ITMO.Cpp.Practice.03_Task.01_Ex.01_Func_realise\ITMO.Cpp.Practice.03_Task.01_Ex.01_Func_realise.vcxproj", "{42C6AC36-4C96-4C69-A055-184C92C8C569}"
EndProject
Project("{8BC9CEB8-8B4A-11D0-8D11-00A0C91BC942}") = "ITMO.Cpp.Practice.03_Task.01_Ex.02_Func_return_value", "ITMO.Cpp.Practice.03_Task.01_Ex.02_Func_return_value\ITMO.Cpp.Practice.03_Task.01_Ex.02_Func_return_value.vcxproj", "{5DBEE134-D04E-4F78-9D50-8B34343AA164}"
EndProject
Project("{8BC9CEB8-8B4A-11D0-8D11-00A0C91BC942}") = "ITMO.Cpp.Practice.03_Task.02_Func_override", "ITMO.Cpp.Practice.03_Task.02_Func_override\ITMO.Cpp.Practice.03_Task.02_Func_override.vcxproj", "{411AAB22-59D1-4A63-9793-3F861DD8F2B4}"
EndProject
Project("{8BC9CEB8-8B4A-11D0-8D11-00A0C91BC942}") = "ITMO.Cpp.Practice.03_Task.03_Func_complex_algs_realise", "ITMO.Cpp.Practice.03_Task.03_Func_complex_algs_realise\ITMO.Cpp.Practice.03_Task.03_Func_complex_algs_realise.vcxproj", "{AF4A19DF-09E9-4DFB-907B-4B8F430C98AA}"
EndProject
Project("{8BC9CEB8-8B4A-11D0-8D11-00A0C91BC942}") = "ITMO.Cpp.Practice.03_Task.04_Ex.01_Func_recurs_Sum", "ITMO.Cpp.Practice.03_Task.04_Ex.01_Func_recurs_Sum\ITMO.Cpp.Practice.03_Task.04_Ex.01_Func_recurs_Sum.vcxproj", "{CD931F38-37FE-41E9-867C-ED15D3D73DCF}"
EndProject
Project("{8BC9CEB8-8B4A-11D0-8D11-00A0C91BC942}") = "ITMO.Cpp.Practice.03_Task.04_Ex.02_Func_recurs_Euclid_alg", "ITMO.Cpp.Practice.03_Task.04_Ex.02_Func_recurs_Euclid_alg\ITMO.Cpp.Practice.03_Task.04_Ex.02_Func_recurs_Euclid_alg.vcxproj", "{5F892672-2CA1-4894-B8E2-7EED439129D8}"
EndProject
Project("{8BC9CEB8-8B4A-11D0-8D11-00A0C91BC942}") = "ITMO.Cpp.Practice.03_Test.01_Complex_figure", "ITMO.Cpp.Practice.03_Test.01_Complex_figure\ITMO.Cpp.Practice.03_Test.01_Complex_figure.vcxproj", "{59DA5546-7536-4092-BCE7-91E8C4E42B06}"
EndProject
Project("{8BC9CEB8-8B4A-11D0-8D11-00A0C91BC942}") = "ITMO.Cpp.Practice.03_Test.02_Func_iteration", "ITMO.Cpp.Practice.03_Test.02_Func_iteration\ITMO.Cpp.Practice.03_Test.02_Func_iteration.vcxproj", "{0442202D-555E-4115-807D-C4999532EF51}"
EndProject
Project("{8BC9CEB8-8B4A-11D0-8D11-00A0C91BC942}") = "ITMO.Cpp.Practice.03_Test.03_Triangles", "ITMO.Cpp.Practice.03_Test.03_Triangles\ITMO.Cpp.Practice.03_Test.03_Triangles.vcxproj", "{D9857880-AB38-426D-BC28-1080DBE81632}"
EndProject
Project("{8BC9CEB8-8B4A-11D0-8D11-00A0C91BC942}") = "Test2", "Test2\Test2.vcxproj", "{BBE96689-F3D2-4FEB-BB39-DCC4D0E780E1}"
EndProject
Project("{8BC9CEB8-8B4A-11D0-8D11-00A0C91BC942}") = "ITMO.Cpp.Practice.04_Task.01_ParamTransit", "ITMO.Cpp.Practice.04_Task.01_Ex.01_ParamTransit\ITMO.Cpp.Practice.04_Task.01_Ex.01_ParamTransit.vcxproj", "{03E0CCFC-7595-4180-9DC2-4A1CB3997C3D}"
EndProject
Project("{8BC9CEB8-8B4A-11D0-8D11-00A0C91BC942}") = "ITMO.Cpp.Practice.04_Task.02_Exchange", "ITMO.Cpp.Practice.04_Task.02_Exchange\ITMO.Cpp.Practice.04_Task.02_Exchange.vcxproj", "{90864496-C88E-4415-85C6-47C3E25B65DD}"
EndProject
Project("{8BC9CEB8-8B4A-11D0-8D11-00A0C91BC942}") = "ITMO.Cpp.Practice.03_Test.04_Row", "ITMO.Cpp.Practice.03_Test.04_Row\ITMO.Cpp.Practice.03_Test.04_Row.vcxproj", "{B63BE70B-A2E4-4CDB-B38D-2F6815C0E758}"
EndProject
Project("{8BC9CEB8-8B4A-11D0-8D11-00A0C91BC942}") = "ITMO.Cpp.Practice.03_Test.05_Binary", "ITMO.Cpp.Practice.03_Test.05_Binary\ITMO.Cpp.Practice.03_Test.05_Binary.vcxproj", "{593527B1-5600-45E2-A784-17979E35376E}"
EndProject
Project("{8BC9CEB8-8B4A-11D0-8D11-00A0C91BC942}") = "ITMO.Cpp.Practice.05_Task.01_Massive_Data_Process", "ITMO.Cpp.Practice.05_Task.01_Massive_Data_Process\ITMO.Cpp.Practice.05_Task.01_Massive_Data_Process.vcxproj", "{2ACB28C8-60CC-4E84-A333-8EBFB2EE3175}"
EndProject
Global
	GlobalSection(SolutionConfigurationPlatforms) = preSolution
		Debug|x64 = Debug|x64
		Debug|x86 = Debug|x86
		Release|x64 = Release|x64
		Release|x86 = Release|x86
	EndGlobalSection
	GlobalSection(ProjectConfigurationPlatforms) = postSolution
		{60D6DEF7-0075-41BA-8B16-0D9750426361}.Debug|x64.ActiveCfg = Debug|x64
		{60D6DEF7-0075-41BA-8B16-0D9750426361}.Debug|x64.Build.0 = Debug|x64
		{60D6DEF7-0075-41BA-8B16-0D9750426361}.Debug|x86.ActiveCfg = Debug|Win32
		{60D6DEF7-0075-41BA-8B16-0D9750426361}.Debug|x86.Build.0 = Debug|Win32
		{60D6DEF7-0075-41BA-8B16-0D9750426361}.Release|x64.ActiveCfg = Release|x64
		{60D6DEF7-0075-41BA-8B16-0D9750426361}.Release|x64.Build.0 = Release|x64
		{60D6DEF7-0075-41BA-8B16-0D9750426361}.Release|x86.ActiveCfg = Release|Win32
		{60D6DEF7-0075-41BA-8B16-0D9750426361}.Release|x86.Build.0 = Release|Win32
		{E5880DE1-963B-4C8F-BE26-1CE176827814}.Debug|x64.ActiveCfg = Debug|x64
		{E5880DE1-963B-4C8F-BE26-1CE176827814}.Debug|x64.Build.0 = Debug|x64
		{E5880DE1-963B-4C8F-BE26-1CE176827814}.Debug|x86.ActiveCfg = Debug|Win32
		{E5880DE1-963B-4C8F-BE26-1CE176827814}.Debug|x86.Build.0 = Debug|Win32
		{E5880DE1-963B-4C8F-BE26-1CE176827814}.Release|x64.ActiveCfg = Release|x64
		{E5880DE1-963B-4C8F-BE26-1CE176827814}.Release|x64.Build.0 = Release|x64
		{E5880DE1-963B-4C8F-BE26-1CE176827814}.Release|x86.ActiveCfg = Release|Win32
		{E5880DE1-963B-4C8F-BE26-1CE176827814}.Release|x86.Build.0 = Release|Win32
		{C9338C03-5A6B-4DF9-B2A7-D40D2D518035}.Debug|x64.ActiveCfg = Debug|x64
		{C9338C03-5A6B-4DF9-B2A7-D40D2D518035}.Debug|x64.Build.0 = Debug|x64
		{C9338C03-5A6B-4DF9-B2A7-D40D2D518035}.Debug|x86.ActiveCfg = Debug|Win32
		{C9338C03-5A6B-4DF9-B2A7-D40D2D518035}.Debug|x86.Build.0 = Debug|Win32
		{C9338C03-5A6B-4DF9-B2A7-D40D2D518035}.Release|x64.ActiveCfg = Release|x64
		{C9338C03-5A6B-4DF9-B2A7-D40D2D518035}.Release|x64.Build.0 = Release|x64
		{C9338C03-5A6B-4DF9-B2A7-D40D2D518035}.Release|x86.ActiveCfg = Release|Win32
		{C9338C03-5A6B-4DF9-B2A7-D40D2D518035}.Release|x86.Build.0 = Release|Win32
		{1D1F014A-106C-40C4-AE17-74C5E8FEBFCB}.Debug|x64.ActiveCfg = Debug|x64
		{1D1F014A-106C-40C4-AE17-74C5E8FEBFCB}.Debug|x64.Build.0 = Debug|x64
		{1D1F014A-106C-40C4-AE17-74C5E8FEBFCB}.Debug|x86.ActiveCfg = Debug|Win32
		{1D1F014A-106C-40C4-AE17-74C5E8FEBFCB}.Debug|x86.Build.0 = Debug|Win32
		{1D1F014A-106C-40C4-AE17-74C5E8FEBFCB}.Release|x64.ActiveCfg = Release|x64
		{1D1F014A-106C-40C4-AE17-74C5E8FEBFCB}.Release|x64.Build.0 = Release|x64
		{1D1F014A-106C-40C4-AE17-74C5E8FEBFCB}.Release|x86.ActiveCfg = Release|Win32
		{1D1F014A-106C-40C4-AE17-74C5E8FEBFCB}.Release|x86.Build.0 = Release|Win32
		{0885A1B5-3915-42F8-8CF0-6447E5A247E6}.Debug|x64.ActiveCfg = Debug|x64
		{0885A1B5-3915-42F8-8CF0-6447E5A247E6}.Debug|x64.Build.0 = Debug|x64
		{0885A1B5-3915-42F8-8CF0-6447E5A247E6}.Debug|x86.ActiveCfg = Debug|Win32
		{0885A1B5-3915-42F8-8CF0-6447E5A247E6}.Debug|x86.Build.0 = Debug|Win32
		{0885A1B5-3915-42F8-8CF0-6447E5A247E6}.Release|x64.ActiveCfg = Release|x64
		{0885A1B5-3915-42F8-8CF0-6447E5A247E6}.Release|x64.Build.0 = Release|x64
		{0885A1B5-3915-42F8-8CF0-6447E5A247E6}.Release|x86.ActiveCfg = Release|Win32
		{0885A1B5-3915-42F8-8CF0-6447E5A247E6}.Release|x86.Build.0 = Release|Win32
		{6CE9E8AF-B1CE-4F3D-9287-EEC5C2CC5F27}.Debug|x64.ActiveCfg = Debug|x64
		{6CE9E8AF-B1CE-4F3D-9287-EEC5C2CC5F27}.Debug|x64.Build.0 = Debug|x64
		{6CE9E8AF-B1CE-4F3D-9287-EEC5C2CC5F27}.Debug|x86.ActiveCfg = Debug|Win32
		{6CE9E8AF-B1CE-4F3D-9287-EEC5C2CC5F27}.Debug|x86.Build.0 = Debug|Win32
		{6CE9E8AF-B1CE-4F3D-9287-EEC5C2CC5F27}.Release|x64.ActiveCfg = Release|x64
		{6CE9E8AF-B1CE-4F3D-9287-EEC5C2CC5F27}.Release|x64.Build.0 = Release|x64
		{6CE9E8AF-B1CE-4F3D-9287-EEC5C2CC5F27}.Release|x86.ActiveCfg = Release|Win32
		{6CE9E8AF-B1CE-4F3D-9287-EEC5C2CC5F27}.Release|x86.Build.0 = Release|Win32
		{92ADFF87-CB9E-4967-BD88-5CC46EEB0AB6}.Debug|x64.ActiveCfg = Debug|x64
		{92ADFF87-CB9E-4967-BD88-5CC46EEB0AB6}.Debug|x64.Build.0 = Debug|x64
		{92ADFF87-CB9E-4967-BD88-5CC46EEB0AB6}.Debug|x86.ActiveCfg = Debug|Win32
		{92ADFF87-CB9E-4967-BD88-5CC46EEB0AB6}.Debug|x86.Build.0 = Debug|Win32
		{92ADFF87-CB9E-4967-BD88-5CC46EEB0AB6}.Release|x64.ActiveCfg = Release|x64
		{92ADFF87-CB9E-4967-BD88-5CC46EEB0AB6}.Release|x64.Build.0 = Release|x64
		{92ADFF87-CB9E-4967-BD88-5CC46EEB0AB6}.Release|x86.ActiveCfg = Release|Win32
		{92ADFF87-CB9E-4967-BD88-5CC46EEB0AB6}.Release|x86.Build.0 = Release|Win32
		{32FD50A9-603C-4853-81D9-693FC7F896A6}.Debug|x64.ActiveCfg = Debug|x64
		{32FD50A9-603C-4853-81D9-693FC7F896A6}.Debug|x64.Build.0 = Debug|x64
		{32FD50A9-603C-4853-81D9-693FC7F896A6}.Debug|x86.ActiveCfg = Debug|Win32
		{32FD50A9-603C-4853-81D9-693FC7F896A6}.Debug|x86.Build.0 = Debug|Win32
		{32FD50A9-603C-4853-81D9-693FC7F896A6}.Release|x64.ActiveCfg = Release|x64
		{32FD50A9-603C-4853-81D9-693FC7F896A6}.Release|x64.Build.0 = Release|x64
		{32FD50A9-603C-4853-81D9-693FC7F896A6}.Release|x86.ActiveCfg = Release|Win32
		{32FD50A9-603C-4853-81D9-693FC7F896A6}.Release|x86.Build.0 = Release|Win32
		{88929140-B36F-4EFC-B482-162C6E34C933}.Debug|x64.ActiveCfg = Debug|x64
		{88929140-B36F-4EFC-B482-162C6E34C933}.Debug|x64.Build.0 = Debug|x64
		{88929140-B36F-4EFC-B482-162C6E34C933}.Debug|x86.ActiveCfg = Debug|Win32
		{88929140-B36F-4EFC-B482-162C6E34C933}.Debug|x86.Build.0 = Debug|Win32
		{88929140-B36F-4EFC-B482-162C6E34C933}.Release|x64.ActiveCfg = Release|x64
		{88929140-B36F-4EFC-B482-162C6E34C933}.Release|x64.Build.0 = Release|x64
		{88929140-B36F-4EFC-B482-162C6E34C933}.Release|x86.ActiveCfg = Release|Win32
		{88929140-B36F-4EFC-B482-162C6E34C933}.Release|x86.Build.0 = Release|Win32
		{C7E50CD2-25AD-4BBE-8736-9A394D81A0A6}.Debug|x64.ActiveCfg = Debug|x64
		{C7E50CD2-25AD-4BBE-8736-9A394D81A0A6}.Debug|x64.Build.0 = Debug|x64
		{C7E50CD2-25AD-4BBE-8736-9A394D81A0A6}.Debug|x86.ActiveCfg = Debug|Win32
		{C7E50CD2-25AD-4BBE-8736-9A394D81A0A6}.Debug|x86.Build.0 = Debug|Win32
		{C7E50CD2-25AD-4BBE-8736-9A394D81A0A6}.Release|x64.ActiveCfg = Release|x64
		{C7E50CD2-25AD-4BBE-8736-9A394D81A0A6}.Release|x64.Build.0 = Release|x64
		{C7E50CD2-25AD-4BBE-8736-9A394D81A0A6}.Release|x86.ActiveCfg = Release|Win32
		{C7E50CD2-25AD-4BBE-8736-9A394D81A0A6}.Release|x86.Build.0 = Release|Win32
		{713B024C-336C-4395-BA5E-6D41C4093632}.Debug|x64.ActiveCfg = Debug|x64
		{713B024C-336C-4395-BA5E-6D41C4093632}.Debug|x64.Build.0 = Debug|x64
		{713B024C-336C-4395-BA5E-6D41C4093632}.Debug|x86.ActiveCfg = Debug|Win32
		{713B024C-336C-4395-BA5E-6D41C4093632}.Debug|x86.Build.0 = Debug|Win32
		{713B024C-336C-4395-BA5E-6D41C4093632}.Release|x64.ActiveCfg = Release|x64
		{713B024C-336C-4395-BA5E-6D41C4093632}.Release|x64.Build.0 = Release|x64
		{713B024C-336C-4395-BA5E-6D41C4093632}.Release|x86.ActiveCfg = Release|Win32
		{713B024C-336C-4395-BA5E-6D41C4093632}.Release|x86.Build.0 = Release|Win32
		{CEDE3304-E15D-4BEC-9EA2-CF2F091D6BB9}.Debug|x64.ActiveCfg = Debug|x64
		{CEDE3304-E15D-4BEC-9EA2-CF2F091D6BB9}.Debug|x64.Build.0 = Debug|x64
		{CEDE3304-E15D-4BEC-9EA2-CF2F091D6BB9}.Debug|x86.ActiveCfg = Debug|Win32
		{CEDE3304-E15D-4BEC-9EA2-CF2F091D6BB9}.Debug|x86.Build.0 = Debug|Win32
		{CEDE3304-E15D-4BEC-9EA2-CF2F091D6BB9}.Release|x64.ActiveCfg = Release|x64
		{CEDE3304-E15D-4BEC-9EA2-CF2F091D6BB9}.Release|x64.Build.0 = Release|x64
		{CEDE3304-E15D-4BEC-9EA2-CF2F091D6BB9}.Release|x86.ActiveCfg = Release|Win32
		{CEDE3304-E15D-4BEC-9EA2-CF2F091D6BB9}.Release|x86.Build.0 = Release|Win32
		{45D07AF6-3486-40AF-B0F3-B28D089B469F}.Debug|x64.ActiveCfg = Debug|x64
		{45D07AF6-3486-40AF-B0F3-B28D089B469F}.Debug|x64.Build.0 = Debug|x64
		{45D07AF6-3486-40AF-B0F3-B28D089B469F}.Debug|x86.ActiveCfg = Debug|Win32
		{45D07AF6-3486-40AF-B0F3-B28D089B469F}.Debug|x86.Build.0 = Debug|Win32
		{45D07AF6-3486-40AF-B0F3-B28D089B469F}.Release|x64.ActiveCfg = Release|x64
		{45D07AF6-3486-40AF-B0F3-B28D089B469F}.Release|x64.Build.0 = Release|x64
		{45D07AF6-3486-40AF-B0F3-B28D089B469F}.Release|x86.ActiveCfg = Release|Win32
		{45D07AF6-3486-40AF-B0F3-B28D089B469F}.Release|x86.Build.0 = Release|Win32
		{A8B85E2D-3DF9-464F-9F1B-A34E0C360745}.Debug|x64.ActiveCfg = Debug|x64
		{A8B85E2D-3DF9-464F-9F1B-A34E0C360745}.Debug|x64.Build.0 = Debug|x64
		{A8B85E2D-3DF9-464F-9F1B-A34E0C360745}.Debug|x86.ActiveCfg = Debug|Win32
		{A8B85E2D-3DF9-464F-9F1B-A34E0C360745}.Debug|x86.Build.0 = Debug|Win32
		{A8B85E2D-3DF9-464F-9F1B-A34E0C360745}.Release|x64.ActiveCfg = Release|x64
		{A8B85E2D-3DF9-464F-9F1B-A34E0C360745}.Release|x64.Build.0 = Release|x64
		{A8B85E2D-3DF9-464F-9F1B-A34E0C360745}.Release|x86.ActiveCfg = Release|Win32
		{A8B85E2D-3DF9-464F-9F1B-A34E0C360745}.Release|x86.Build.0 = Release|Win32
		{42C6AC36-4C96-4C69-A055-184C92C8C569}.Debug|x64.ActiveCfg = Debug|x64
		{42C6AC36-4C96-4C69-A055-184C92C8C569}.Debug|x64.Build.0 = Debug|x64
		{42C6AC36-4C96-4C69-A055-184C92C8C569}.Debug|x86.ActiveCfg = Debug|Win32
		{42C6AC36-4C96-4C69-A055-184C92C8C569}.Debug|x86.Build.0 = Debug|Win32
		{42C6AC36-4C96-4C69-A055-184C92C8C569}.Release|x64.ActiveCfg = Release|x64
		{42C6AC36-4C96-4C69-A055-184C92C8C569}.Release|x64.Build.0 = Release|x64
		{42C6AC36-4C96-4C69-A055-184C92C8C569}.Release|x86.ActiveCfg = Release|Win32
		{42C6AC36-4C96-4C69-A055-184C92C8C569}.Release|x86.Build.0 = Release|Win32
		{5DBEE134-D04E-4F78-9D50-8B34343AA164}.Debug|x64.ActiveCfg = Debug|x64
		{5DBEE134-D04E-4F78-9D50-8B34343AA164}.Debug|x64.Build.0 = Debug|x64
		{5DBEE134-D04E-4F78-9D50-8B34343AA164}.Debug|x86.ActiveCfg = Debug|Win32
		{5DBEE134-D04E-4F78-9D50-8B34343AA164}.Debug|x86.Build.0 = Debug|Win32
		{5DBEE134-D04E-4F78-9D50-8B34343AA164}.Release|x64.ActiveCfg = Release|x64
		{5DBEE134-D04E-4F78-9D50-8B34343AA164}.Release|x64.Build.0 = Release|x64
		{5DBEE134-D04E-4F78-9D50-8B34343AA164}.Release|x86.ActiveCfg = Release|Win32
		{5DBEE134-D04E-4F78-9D50-8B34343AA164}.Release|x86.Build.0 = Release|Win32
		{411AAB22-59D1-4A63-9793-3F861DD8F2B4}.Debug|x64.ActiveCfg = Debug|x64
		{411AAB22-59D1-4A63-9793-3F861DD8F2B4}.Debug|x64.Build.0 = Debug|x64
		{411AAB22-59D1-4A63-9793-3F861DD8F2B4}.Debug|x86.ActiveCfg = Debug|Win32
		{411AAB22-59D1-4A63-9793-3F861DD8F2B4}.Debug|x86.Build.0 = Debug|Win32
		{411AAB22-59D1-4A63-9793-3F861DD8F2B4}.Release|x64.ActiveCfg = Release|x64
		{411AAB22-59D1-4A63-9793-3F861DD8F2B4}.Release|x64.Build.0 = Release|x64
		{411AAB22-59D1-4A63-9793-3F861DD8F2B4}.Release|x86.ActiveCfg = Release|Win32
		{411AAB22-59D1-4A63-9793-3F861DD8F2B4}.Release|x86.Build.0 = Release|Win32
		{AF4A19DF-09E9-4DFB-907B-4B8F430C98AA}.Debug|x64.ActiveCfg = Debug|x64
		{AF4A19DF-09E9-4DFB-907B-4B8F430C98AA}.Debug|x64.Build.0 = Debug|x64
		{AF4A19DF-09E9-4DFB-907B-4B8F430C98AA}.Debug|x86.ActiveCfg = Debug|Win32
		{AF4A19DF-09E9-4DFB-907B-4B8F430C98AA}.Debug|x86.Build.0 = Debug|Win32
		{AF4A19DF-09E9-4DFB-907B-4B8F430C98AA}.Release|x64.ActiveCfg = Release|x64
		{AF4A19DF-09E9-4DFB-907B-4B8F430C98AA}.Release|x64.Build.0 = Release|x64
		{AF4A19DF-09E9-4DFB-907B-4B8F430C98AA}.Release|x86.ActiveCfg = Release|Win32
		{AF4A19DF-09E9-4DFB-907B-4B8F430C98AA}.Release|x86.Build.0 = Release|Win32
		{CD931F38-37FE-41E9-867C-ED15D3D73DCF}.Debug|x64.ActiveCfg = Debug|x64
		{CD931F38-37FE-41E9-867C-ED15D3D73DCF}.Debug|x64.Build.0 = Debug|x64
		{CD931F38-37FE-41E9-867C-ED15D3D73DCF}.Debug|x86.ActiveCfg = Debug|Win32
		{CD931F38-37FE-41E9-867C-ED15D3D73DCF}.Debug|x86.Build.0 = Debug|Win32
		{CD931F38-37FE-41E9-867C-ED15D3D73DCF}.Release|x64.ActiveCfg = Release|x64
		{CD931F38-37FE-41E9-867C-ED15D3D73DCF}.Release|x64.Build.0 = Release|x64
		{CD931F38-37FE-41E9-867C-ED15D3D73DCF}.Release|x86.ActiveCfg = Release|Win32
		{CD931F38-37FE-41E9-867C-ED15D3D73DCF}.Release|x86.Build.0 = Release|Win32
		{5F892672-2CA1-4894-B8E2-7EED439129D8}.Debug|x64.ActiveCfg = Debug|x64
		{5F892672-2CA1-4894-B8E2-7EED439129D8}.Debug|x64.Build.0 = Debug|x64
		{5F892672-2CA1-4894-B8E2-7EED439129D8}.Debug|x86.ActiveCfg = Debug|Win32
		{5F892672-2CA1-4894-B8E2-7EED439129D8}.Debug|x86.Build.0 = Debug|Win32
		{5F892672-2CA1-4894-B8E2-7EED439129D8}.Release|x64.ActiveCfg = Release|x64
		{5F892672-2CA1-4894-B8E2-7EED439129D8}.Release|x64.Build.0 = Release|x64
		{5F892672-2CA1-4894-B8E2-7EED439129D8}.Release|x86.ActiveCfg = Release|Win32
		{5F892672-2CA1-4894-B8E2-7EED439129D8}.Release|x86.Build.0 = Release|Win32
		{59DA5546-7536-4092-BCE7-91E8C4E42B06}.Debug|x64.ActiveCfg = Debug|x64
		{59DA5546-7536-4092-BCE7-91E8C4E42B06}.Debug|x64.Build.0 = Debug|x64
		{59DA5546-7536-4092-BCE7-91E8C4E42B06}.Debug|x86.ActiveCfg = Debug|Win32
		{59DA5546-7536-4092-BCE7-91E8C4E42B06}.Debug|x86.Build.0 = Debug|Win32
		{59DA5546-7536-4092-BCE7-91E8C4E42B06}.Release|x64.ActiveCfg = Release|x64
		{59DA5546-7536-4092-BCE7-91E8C4E42B06}.Release|x64.Build.0 = Release|x64
		{59DA5546-7536-4092-BCE7-91E8C4E42B06}.Release|x86.ActiveCfg = Release|Win32
		{59DA5546-7536-4092-BCE7-91E8C4E42B06}.Release|x86.Build.0 = Release|Win32
		{0442202D-555E-4115-807D-C4999532EF51}.Debug|x64.ActiveCfg = Debug|x64
		{0442202D-555E-4115-807D-C4999532EF51}.Debug|x64.Build.0 = Debug|x64
		{0442202D-555E-4115-807D-C4999532EF51}.Debug|x86.ActiveCfg = Debug|Win32
		{0442202D-555E-4115-807D-C4999532EF51}.Debug|x86.Build.0 = Debug|Win32
		{0442202D-555E-4115-807D-C4999532EF51}.Release|x64.ActiveCfg = Release|x64
		{0442202D-555E-4115-807D-C4999532EF51}.Release|x64.Build.0 = Release|x64
		{0442202D-555E-4115-807D-C4999532EF51}.Release|x86.ActiveCfg = Release|Win32
		{0442202D-555E-4115-807D-C4999532EF51}.Release|x86.Build.0 = Release|Win32
		{D9857880-AB38-426D-BC28-1080DBE81632}.Debug|x64.ActiveCfg = Debug|x64
		{D9857880-AB38-426D-BC28-1080DBE81632}.Debug|x64.Build.0 = Debug|x64
		{D9857880-AB38-426D-BC28-1080DBE81632}.Debug|x86.ActiveCfg = Debug|Win32
		{D9857880-AB38-426D-BC28-1080DBE81632}.Debug|x86.Build.0 = Debug|Win32
		{D9857880-AB38-426D-BC28-1080DBE81632}.Release|x64.ActiveCfg = Release|x64
		{D9857880-AB38-426D-BC28-1080DBE81632}.Release|x64.Build.0 = Release|x64
		{D9857880-AB38-426D-BC28-1080DBE81632}.Release|x86.ActiveCfg = Release|Win32
		{D9857880-AB38-426D-BC28-1080DBE81632}.Release|x86.Build.0 = Release|Win32
		{BBE96689-F3D2-4FEB-BB39-DCC4D0E780E1}.Debug|x64.ActiveCfg = Debug|x64
		{BBE96689-F3D2-4FEB-BB39-DCC4D0E780E1}.Debug|x64.Build.0 = Debug|x64
		{BBE96689-F3D2-4FEB-BB39-DCC4D0E780E1}.Debug|x86.ActiveCfg = Debug|Win32
		{BBE96689-F3D2-4FEB-BB39-DCC4D0E780E1}.Debug|x86.Build.0 = Debug|Win32
		{BBE96689-F3D2-4FEB-BB39-DCC4D0E780E1}.Release|x64.ActiveCfg = Release|x64
		{BBE96689-F3D2-4FEB-BB39-DCC4D0E780E1}.Release|x64.Build.0 = Release|x64
		{BBE96689-F3D2-4FEB-BB39-DCC4D0E780E1}.Release|x86.ActiveCfg = Release|Win32
		{BBE96689-F3D2-4FEB-BB39-DCC4D0E780E1}.Release|x86.Build.0 = Release|Win32
		{03E0CCFC-7595-4180-9DC2-4A1CB3997C3D}.Debug|x64.ActiveCfg = Debug|x64
		{03E0CCFC-7595-4180-9DC2-4A1CB3997C3D}.Debug|x64.Build.0 = Debug|x64
		{03E0CCFC-7595-4180-9DC2-4A1CB3997C3D}.Debug|x86.ActiveCfg = Debug|Win32
		{03E0CCFC-7595-4180-9DC2-4A1CB3997C3D}.Debug|x86.Build.0 = Debug|Win32
		{03E0CCFC-7595-4180-9DC2-4A1CB3997C3D}.Release|x64.ActiveCfg = Release|x64
		{03E0CCFC-7595-4180-9DC2-4A1CB3997C3D}.Release|x64.Build.0 = Release|x64
		{03E0CCFC-7595-4180-9DC2-4A1CB3997C3D}.Release|x86.ActiveCfg = Release|Win32
		{03E0CCFC-7595-4180-9DC2-4A1CB3997C3D}.Release|x86.Build.0 = Release|Win32
		{90864496-C88E-4415-85C6-47C3E25B65DD}.Debug|x64.ActiveCfg = Debug|x64
		{90864496-C88E-4415-85C6-47C3E25B65DD}.Debug|x64.Build.0 = Debug|x64
		{90864496-C88E-4415-85C6-47C3E25B65DD}.Debug|x86.ActiveCfg = Debug|Win32
		{90864496-C88E-4415-85C6-47C3E25B65DD}.Debug|x86.Build.0 = Debug|Win32
		{90864496-C88E-4415-85C6-47C3E25B65DD}.Release|x64.ActiveCfg = Release|x64
		{90864496-C88E-4415-85C6-47C3E25B65DD}.Release|x64.Build.0 = Release|x64
		{90864496-C88E-4415-85C6-47C3E25B65DD}.Release|x86.ActiveCfg = Release|Win32
		{90864496-C88E-4415-85C6-47C3E25B65DD}.Release|x86.Build.0 = Release|Win32
		{B63BE70B-A2E4-4CDB-B38D-2F6815C0E758}.Debug|x64.ActiveCfg = Debug|x64
		{B63BE70B-A2E4-4CDB-B38D-2F6815C0E758}.Debug|x64.Build.0 = Debug|x64
		{B63BE70B-A2E4-4CDB-B38D-2F6815C0E758}.Debug|x86.ActiveCfg = Debug|Win32
		{B63BE70B-A2E4-4CDB-B38D-2F6815C0E758}.Debug|x86.Build.0 = Debug|Win32
		{B63BE70B-A2E4-4CDB-B38D-2F6815C0E758}.Release|x64.ActiveCfg = Release|x64
		{B63BE70B-A2E4-4CDB-B38D-2F6815C0E758}.Release|x64.Build.0 = Release|x64
		{B63BE70B-A2E4-4CDB-B38D-2F6815C0E758}.Release|x86.ActiveCfg = Release|Win32
		{B63BE70B-A2E4-4CDB-B38D-2F6815C0E758}.Release|x86.Build.0 = Release|Win32
		{593527B1-5600-45E2-A784-17979E35376E}.Debug|x64.ActiveCfg = Debug|x64
		{593527B1-5600-45E2-A784-17979E35376E}.Debug|x64.Build.0 = Debug|x64
		{593527B1-5600-45E2-A784-17979E35376E}.Debug|x86.ActiveCfg = Debug|Win32
		{593527B1-5600-45E2-A784-17979E35376E}.Debug|x86.Build.0 = Debug|Win32
		{593527B1-5600-45E2-A784-17979E35376E}.Release|x64.ActiveCfg = Release|x64
		{593527B1-5600-45E2-A784-17979E35376E}.Release|x64.Build.0 = Release|x64
		{593527B1-5600-45E2-A784-17979E35376E}.Release|x86.ActiveCfg = Release|Win32
		{593527B1-5600-45E2-A784-17979E35376E}.Release|x86.Build.0 = Release|Win32
		{2ACB28C8-60CC-4E84-A333-8EBFB2EE3175}.Debug|x64.ActiveCfg = Debug|x64
		{2ACB28C8-60CC-4E84-A333-8EBFB2EE3175}.Debug|x64.Build.0 = Debug|x64
		{2ACB28C8-60CC-4E84-A333-8EBFB2EE3175}.Debug|x86.ActiveCfg = Debug|Win32
		{2ACB28C8-60CC-4E84-A333-8EBFB2EE3175}.Debug|x86.Build.0 = Debug|Win32
		{2ACB28C8-60CC-4E84-A333-8EBFB2EE3175}.Release|x64.ActiveCfg = Release|x64
		{2ACB28C8-60CC-4E84-A333-8EBFB2EE3175}.Release|x64.Build.0 = Release|x64
		{2ACB28C8-60CC-4E84-A333-8EBFB2EE3175}.Release|x86.ActiveCfg = Release|Win32
		{2ACB28C8-60CC-4E84-A333-8EBFB2EE3175}.Release|x86.Build.0 = Release|Win32
	EndGlobalSection
	GlobalSection(SolutionProperties) = preSolution
		HideSolutionNode = FALSE
	EndGlobalSection
	GlobalSection(ExtensibilityGlobals) = postSolution
		SolutionGuid = {0854C973-0247-482F-A1BD-44B72DB2FF7B}
	EndGlobalSection
EndGlobal
